
Microsoft Visual Studio Solution File, Format Version 12.00
# Visual Studio Version 17
VisualStudioVersion = 17.14.36121.58 d17.14
MinimumVisualStudioVersion = 10.0.40219.1
Project("{FAE04EC0-301F-11D3-BF4B-00C04F79EFBC}") = "ED_data_structure", "ED_data_structure\ED_data_structure.csproj", "{BE7CE4F4-0104-4891-8B1C-F1F43D8B0456}"
EndProject
Global
	GlobalSection(SolutionConfigurationPlatforms) = preSolution
		Debug|Any CPU = Debug|Any CPU
		Release|Any CPU = Release|Any CPU
	EndGlobalSection
	GlobalSection(ProjectConfigurationPlatforms) = postSolution
		{BE7CE4F4-0104-4891-8B1C-F1F43D8B0456}.Debug|Any CPU.ActiveCfg = Debug|Any CPU
		{BE7CE4F4-0104-4891-8B1C-F1F43D8B0456}.Debug|Any CPU.Build.0 = Debug|Any CPU
		{BE7CE4F4-0104-4891-8B1C-F1F43D8B0456}.Release|Any CPU.ActiveCfg = Release|Any CPU
		{BE7CE4F4-0104-4891-8B1C-F1F43D8B0456}.Release|Any CPU.Build.0 = Release|Any CPU
	EndGlobalSection
	GlobalSection(SolutionProperties) = preSolution
		HideSolutionNode = FALSE
	EndGlobalSection
	GlobalSection(ExtensibilityGlobals) = postSolution
		SolutionGuid = {E77A81CE-5DA3-4FCB-B214-564804AEF0D2}
	EndGlobalSection
EndGlobal
